// !$*UTF8*$!
{
	archiveVersion = 1;
	classes = {
	};
	objectVersion = 46;
	objects = {

/* Begin PBXBuildFile section */
		C9C02D0B18645EC200739C36 /* Foundation.framework in Frameworks */ = {isa = PBXBuildFile; fileRef = C9C02D0A18645EC200739C36 /* Foundation.framework */; };
		C9C02D0D18645EC200739C36 /* CoreGraphics.framework in Frameworks */ = {isa = PBXBuildFile; fileRef = C9C02D0C18645EC200739C36 /* CoreGraphics.framework */; };
		C9C02D0F18645EC200739C36 /* UIKit.framework in Frameworks */ = {isa = PBXBuildFile; fileRef = C9C02D0E18645EC200739C36 /* UIKit.framework */; };
		C9C02D1518645EC200739C36 /* InfoPlist.strings in Resources */ = {isa = PBXBuildFile; fileRef = C9C02D1318645EC200739C36 /* InfoPlist.strings */; };
		C9C02D1718645EC200739C36 /* main.m in Sources */ = {isa = PBXBuildFile; fileRef = C9C02D1618645EC200739C36 /* main.m */; };
		C9C02D1B18645EC200739C36 /* AppDelegate.m in Sources */ = {isa = PBXBuildFile; fileRef = C9C02D1A18645EC200739C36 /* AppDelegate.m */; };
		C9C02D1E18645EC200739C36 /* Main_iPhone.storyboard in Resources */ = {isa = PBXBuildFile; fileRef = C9C02D1C18645EC200739C36 /* Main_iPhone.storyboard */; };
		C9C02D2118645EC200739C36 /* Main_iPad.storyboard in Resources */ = {isa = PBXBuildFile; fileRef = C9C02D1F18645EC200739C36 /* Main_iPad.storyboard */; };
		C9C02D2418645EC200739C36 /* ViewController.m in Sources */ = {isa = PBXBuildFile; fileRef = C9C02D2318645EC200739C36 /* ViewController.m */; };
		C9C02D2618645EC200739C36 /* Images.xcassets in Resources */ = {isa = PBXBuildFile; fileRef = C9C02D2518645EC200739C36 /* Images.xcassets */; };
		C9C02D2D18645EC200739C36 /* XCTest.framework in Frameworks */ = {isa = PBXBuildFile; fileRef = C9C02D2C18645EC200739C36 /* XCTest.framework */; };
		C9C02D2E18645EC200739C36 /* Foundation.framework in Frameworks */ = {isa = PBXBuildFile; fileRef = C9C02D0A18645EC200739C36 /* Foundation.framework */; };
		C9C02D2F18645EC200739C36 /* UIKit.framework in Frameworks */ = {isa = PBXBuildFile; fileRef = C9C02D0E18645EC200739C36 /* UIKit.framework */; };
		C9C02D3718645EC200739C36 /* InfoPlist.strings in Resources */ = {isa = PBXBuildFile; fileRef = C9C02D3518645EC200739C36 /* InfoPlist.strings */; };
		C9C02D3918645EC200739C36 /* TastingNotesTests.m in Sources */ = {isa = PBXBuildFile; fileRef = C9C02D3818645EC200739C36 /* TastingNotesTests.m */; };
		C9C02D8818648F5D00739C36 /* CoreData.framework in Frameworks */ = {isa = PBXBuildFile; fileRef = C9C02D8718648F5D00739C36 /* CoreData.framework */; };
		C9C02D8B18648F7500739C36 /* AppContent.m in Sources */ = {isa = PBXBuildFile; fileRef = C9C02D8A18648F7500739C36 /* AppContent.m */; };
		C9C02D8E18648F9000739C36 /* DataModel.xcdatamodeld in Sources */ = {isa = PBXBuildFile; fileRef = C9C02D8C18648F9000739C36 /* DataModel.xcdatamodeld */; };
		C9C02DDF1864D92C00739C36 /* Notebook_Template+Notebook_Template_Helper.m in Sources */ = {isa = PBXBuildFile; fileRef = C9C02DDE1864D92C00739C36 /* Notebook_Template+Notebook_Template_Helper.m */; };
		C9C02DE21864DFAC00739C36 /* ContentType_Template+ContentType_Template_Helper.m in Sources */ = {isa = PBXBuildFile; fileRef = C9C02DE11864DFAC00739C36 /* ContentType_Template+ContentType_Template_Helper.m */; };
		C9C02DE51864DFFC00739C36 /* Group_Template+Group_Template_Helper.m in Sources */ = {isa = PBXBuildFile; fileRef = C9C02DE41864DFFC00739C36 /* Group_Template+Group_Template_Helper.m */; };
		C9C02DF71864E80A00739C36 /* Notebook+Notebook_Helper.m in Sources */ = {isa = PBXBuildFile; fileRef = C9C02DF61864E80A00739C36 /* Notebook+Notebook_Helper.m */; };
		C9C02E091865107F00739C36 /* Note+Note_Helper.m in Sources */ = {isa = PBXBuildFile; fileRef = C9C02E081865107F00739C36 /* Note+Note_Helper.m */; };
		C9C02E1E1865123600739C36 /* Note.m in Sources */ = {isa = PBXBuildFile; fileRef = C9C02E1D1865123600739C36 /* Note.m */; };
		C9C02E211865123700739C36 /* Group_Template.m in Sources */ = {isa = PBXBuildFile; fileRef = C9C02E201865123700739C36 /* Group_Template.m */; };
		C9C02E241865123700739C36 /* Notebook_Template.m in Sources */ = {isa = PBXBuildFile; fileRef = C9C02E231865123700739C36 /* Notebook_Template.m */; };
		C9C02E271865123700739C36 /* Notebook.m in Sources */ = {isa = PBXBuildFile; fileRef = C9C02E261865123700739C36 /* Notebook.m */; };
		C9C02E2A1865123700739C36 /* Content.m in Sources */ = {isa = PBXBuildFile; fileRef = C9C02E291865123700739C36 /* Content.m */; };
		C9C02E2D1865123700739C36 /* ContentType_Template.m in Sources */ = {isa = PBXBuildFile; fileRef = C9C02E2C1865123700739C36 /* ContentType_Template.m */; };
/* End PBXBuildFile section */

/* Begin PBXContainerItemProxy section */
		C9C02D3018645EC200739C36 /* PBXContainerItemProxy */ = {
			isa = PBXContainerItemProxy;
			containerPortal = C9C02CFF18645EC200739C36 /* Project object */;
			proxyType = 1;
			remoteGlobalIDString = C9C02D0618645EC200739C36;
			remoteInfo = TastingNotes;
		};
/* End PBXContainerItemProxy section */

/* Begin PBXFileReference section */
		C9C02D0718645EC200739C36 /* TastingNotes.app */ = {isa = PBXFileReference; explicitFileType = wrapper.application; includeInIndex = 0; path = TastingNotes.app; sourceTree = BUILT_PRODUCTS_DIR; };
		C9C02D0A18645EC200739C36 /* Foundation.framework */ = {isa = PBXFileReference; lastKnownFileType = wrapper.framework; name = Foundation.framework; path = System/Library/Frameworks/Foundation.framework; sourceTree = SDKROOT; };
		C9C02D0C18645EC200739C36 /* CoreGraphics.framework */ = {isa = PBXFileReference; lastKnownFileType = wrapper.framework; name = CoreGraphics.framework; path = System/Library/Frameworks/CoreGraphics.framework; sourceTree = SDKROOT; };
		C9C02D0E18645EC200739C36 /* UIKit.framework */ = {isa = PBXFileReference; lastKnownFileType = wrapper.framework; name = UIKit.framework; path = System/Library/Frameworks/UIKit.framework; sourceTree = SDKROOT; };
		C9C02D1218645EC200739C36 /* TastingNotes-Info.plist */ = {isa = PBXFileReference; lastKnownFileType = text.plist.xml; path = "TastingNotes-Info.plist"; sourceTree = "<group>"; };
		C9C02D1418645EC200739C36 /* en */ = {isa = PBXFileReference; lastKnownFileType = text.plist.strings; name = en; path = en.lproj/InfoPlist.strings; sourceTree = "<group>"; };
		C9C02D1618645EC200739C36 /* main.m */ = {isa = PBXFileReference; lastKnownFileType = sourcecode.c.objc; path = main.m; sourceTree = "<group>"; };
		C9C02D1818645EC200739C36 /* TastingNotes-Prefix.pch */ = {isa = PBXFileReference; lastKnownFileType = sourcecode.c.h; path = "TastingNotes-Prefix.pch"; sourceTree = "<group>"; };
		C9C02D1918645EC200739C36 /* AppDelegate.h */ = {isa = PBXFileReference; lastKnownFileType = sourcecode.c.h; path = AppDelegate.h; sourceTree = "<group>"; };
		C9C02D1A18645EC200739C36 /* AppDelegate.m */ = {isa = PBXFileReference; lastKnownFileType = sourcecode.c.objc; path = AppDelegate.m; sourceTree = "<group>"; };
		C9C02D1D18645EC200739C36 /* Base */ = {isa = PBXFileReference; lastKnownFileType = file.storyboard; name = Base; path = Base.lproj/Main_iPhone.storyboard; sourceTree = "<group>"; };
		C9C02D2018645EC200739C36 /* Base */ = {isa = PBXFileReference; lastKnownFileType = file.storyboard; name = Base; path = Base.lproj/Main_iPad.storyboard; sourceTree = "<group>"; };
		C9C02D2218645EC200739C36 /* ViewController.h */ = {isa = PBXFileReference; lastKnownFileType = sourcecode.c.h; path = ViewController.h; sourceTree = "<group>"; };
		C9C02D2318645EC200739C36 /* ViewController.m */ = {isa = PBXFileReference; lastKnownFileType = sourcecode.c.objc; path = ViewController.m; sourceTree = "<group>"; };
		C9C02D2518645EC200739C36 /* Images.xcassets */ = {isa = PBXFileReference; lastKnownFileType = folder.assetcatalog; path = Images.xcassets; sourceTree = "<group>"; };
		C9C02D2B18645EC200739C36 /* TastingNotesTests.xctest */ = {isa = PBXFileReference; explicitFileType = wrapper.cfbundle; includeInIndex = 0; path = TastingNotesTests.xctest; sourceTree = BUILT_PRODUCTS_DIR; };
		C9C02D2C18645EC200739C36 /* XCTest.framework */ = {isa = PBXFileReference; lastKnownFileType = wrapper.framework; name = XCTest.framework; path = Library/Frameworks/XCTest.framework; sourceTree = DEVELOPER_DIR; };
		C9C02D3418645EC200739C36 /* TastingNotesTests-Info.plist */ = {isa = PBXFileReference; lastKnownFileType = text.plist.xml; path = "TastingNotesTests-Info.plist"; sourceTree = "<group>"; };
		C9C02D3618645EC200739C36 /* en */ = {isa = PBXFileReference; lastKnownFileType = text.plist.strings; name = en; path = en.lproj/InfoPlist.strings; sourceTree = "<group>"; };
		C9C02D3818645EC200739C36 /* TastingNotesTests.m */ = {isa = PBXFileReference; lastKnownFileType = sourcecode.c.objc; path = TastingNotesTests.m; sourceTree = "<group>"; };
		C9C02D8718648F5D00739C36 /* CoreData.framework */ = {isa = PBXFileReference; lastKnownFileType = wrapper.framework; name = CoreData.framework; path = System/Library/Frameworks/CoreData.framework; sourceTree = SDKROOT; };
		C9C02D8918648F7500739C36 /* AppContent.h */ = {isa = PBXFileReference; fileEncoding = 4; lastKnownFileType = sourcecode.c.h; path = AppContent.h; sourceTree = "<group>"; };
		C9C02D8A18648F7500739C36 /* AppContent.m */ = {isa = PBXFileReference; fileEncoding = 4; lastKnownFileType = sourcecode.c.objc; path = AppContent.m; sourceTree = "<group>"; };
		C9C02D8D18648F9000739C36 /* DataModel.xcdatamodel */ = {isa = PBXFileReference; lastKnownFileType = wrapper.xcdatamodel; path = DataModel.xcdatamodel; sourceTree = "<group>"; };
		C9C02DDD1864D92C00739C36 /* Notebook_Template+Notebook_Template_Helper.h */ = {isa = PBXFileReference; fileEncoding = 4; lastKnownFileType = sourcecode.c.h; path = "Notebook_Template+Notebook_Template_Helper.h"; sourceTree = "<group>"; };
		C9C02DDE1864D92C00739C36 /* Notebook_Template+Notebook_Template_Helper.m */ = {isa = PBXFileReference; fileEncoding = 4; lastKnownFileType = sourcecode.c.objc; path = "Notebook_Template+Notebook_Template_Helper.m"; sourceTree = "<group>"; };
		C9C02DE01864DFAC00739C36 /* ContentType_Template+ContentType_Template_Helper.h */ = {isa = PBXFileReference; fileEncoding = 4; lastKnownFileType = sourcecode.c.h; path = "ContentType_Template+ContentType_Template_Helper.h"; sourceTree = "<group>"; };
		C9C02DE11864DFAC00739C36 /* ContentType_Template+ContentType_Template_Helper.m */ = {isa = PBXFileReference; fileEncoding = 4; lastKnownFileType = sourcecode.c.objc; path = "ContentType_Template+ContentType_Template_Helper.m"; sourceTree = "<group>"; };
		C9C02DE31864DFFC00739C36 /* Group_Template+Group_Template_Helper.h */ = {isa = PBXFileReference; fileEncoding = 4; lastKnownFileType = sourcecode.c.h; path = "Group_Template+Group_Template_Helper.h"; sourceTree = "<group>"; };
		C9C02DE41864DFFC00739C36 /* Group_Template+Group_Template_Helper.m */ = {isa = PBXFileReference; fileEncoding = 4; lastKnownFileType = sourcecode.c.objc; path = "Group_Template+Group_Template_Helper.m"; sourceTree = "<group>"; };
		C9C02DF51864E80A00739C36 /* Notebook+Notebook_Helper.h */ = {isa = PBXFileReference; fileEncoding = 4; lastKnownFileType = sourcecode.c.h; path = "Notebook+Notebook_Helper.h"; sourceTree = "<group>"; };
		C9C02DF61864E80A00739C36 /* Notebook+Notebook_Helper.m */ = {isa = PBXFileReference; fileEncoding = 4; lastKnownFileType = sourcecode.c.objc; path = "Notebook+Notebook_Helper.m"; sourceTree = "<group>"; };
		C9C02E071865107F00739C36 /* Note+Note_Helper.h */ = {isa = PBXFileReference; fileEncoding = 4; lastKnownFileType = sourcecode.c.h; path = "Note+Note_Helper.h"; sourceTree = "<group>"; };
		C9C02E081865107F00739C36 /* Note+Note_Helper.m */ = {isa = PBXFileReference; fileEncoding = 4; lastKnownFileType = sourcecode.c.objc; path = "Note+Note_Helper.m"; sourceTree = "<group>"; };
		C9C02E1C1865123600739C36 /* Note.h */ = {isa = PBXFileReference; fileEncoding = 4; lastKnownFileType = sourcecode.c.h; path = Note.h; sourceTree = "<group>"; };
		C9C02E1D1865123600739C36 /* Note.m */ = {isa = PBXFileReference; fileEncoding = 4; lastKnownFileType = sourcecode.c.objc; path = Note.m; sourceTree = "<group>"; };
		C9C02E1F1865123700739C36 /* Group_Template.h */ = {isa = PBXFileReference; fileEncoding = 4; lastKnownFileType = sourcecode.c.h; path = Group_Template.h; sourceTree = "<group>"; };
		C9C02E201865123700739C36 /* Group_Template.m */ = {isa = PBXFileReference; fileEncoding = 4; lastKnownFileType = sourcecode.c.objc; path = Group_Template.m; sourceTree = "<group>"; };
		C9C02E221865123700739C36 /* Notebook_Template.h */ = {isa = PBXFileReference; fileEncoding = 4; lastKnownFileType = sourcecode.c.h; path = Notebook_Template.h; sourceTree = "<group>"; };
		C9C02E231865123700739C36 /* Notebook_Template.m */ = {isa = PBXFileReference; fileEncoding = 4; lastKnownFileType = sourcecode.c.objc; path = Notebook_Template.m; sourceTree = "<group>"; };
		C9C02E251865123700739C36 /* Notebook.h */ = {isa = PBXFileReference; fileEncoding = 4; lastKnownFileType = sourcecode.c.h; path = Notebook.h; sourceTree = "<group>"; };
		C9C02E261865123700739C36 /* Notebook.m */ = {isa = PBXFileReference; fileEncoding = 4; lastKnownFileType = sourcecode.c.objc; path = Notebook.m; sourceTree = "<group>"; };
		C9C02E281865123700739C36 /* Content.h */ = {isa = PBXFileReference; fileEncoding = 4; lastKnownFileType = sourcecode.c.h; path = Content.h; sourceTree = "<group>"; };
		C9C02E291865123700739C36 /* Content.m */ = {isa = PBXFileReference; fileEncoding = 4; lastKnownFileType = sourcecode.c.objc; path = Content.m; sourceTree = "<group>"; };
		C9C02E2B1865123700739C36 /* ContentType_Template.h */ = {isa = PBXFileReference; fileEncoding = 4; lastKnownFileType = sourcecode.c.h; path = ContentType_Template.h; sourceTree = "<group>"; };
		C9C02E2C1865123700739C36 /* ContentType_Template.m */ = {isa = PBXFileReference; fileEncoding = 4; lastKnownFileType = sourcecode.c.objc; path = ContentType_Template.m; sourceTree = "<group>"; };
/* End PBXFileReference section */

/* Begin PBXFrameworksBuildPhase section */
		C9C02D0418645EC200739C36 /* Frameworks */ = {
			isa = PBXFrameworksBuildPhase;
			buildActionMask = 2147483647;
			files = (
				C9C02D8818648F5D00739C36 /* CoreData.framework in Frameworks */,
				C9C02D0D18645EC200739C36 /* CoreGraphics.framework in Frameworks */,
				C9C02D0F18645EC200739C36 /* UIKit.framework in Frameworks */,
				C9C02D0B18645EC200739C36 /* Foundation.framework in Frameworks */,
			);
			runOnlyForDeploymentPostprocessing = 0;
		};
		C9C02D2818645EC200739C36 /* Frameworks */ = {
			isa = PBXFrameworksBuildPhase;
			buildActionMask = 2147483647;
			files = (
				C9C02D2D18645EC200739C36 /* XCTest.framework in Frameworks */,
				C9C02D2F18645EC200739C36 /* UIKit.framework in Frameworks */,
				C9C02D2E18645EC200739C36 /* Foundation.framework in Frameworks */,
			);
			runOnlyForDeploymentPostprocessing = 0;
		};
/* End PBXFrameworksBuildPhase section */

/* Begin PBXGroup section */
		C9C02CFE18645EC200739C36 = {
			isa = PBXGroup;
			children = (
				C9C02D1018645EC200739C36 /* TastingNotes */,
				C9C02D3218645EC200739C36 /* TastingNotesTests */,
				C9C02D0918645EC200739C36 /* Frameworks */,
				C9C02D0818645EC200739C36 /* Products */,
			);
			sourceTree = "<group>";
		};
		C9C02D0818645EC200739C36 /* Products */ = {
			isa = PBXGroup;
			children = (
				C9C02D0718645EC200739C36 /* TastingNotes.app */,
				C9C02D2B18645EC200739C36 /* TastingNotesTests.xctest */,
			);
			name = Products;
			sourceTree = "<group>";
		};
		C9C02D0918645EC200739C36 /* Frameworks */ = {
			isa = PBXGroup;
			children = (
				C9C02D8718648F5D00739C36 /* CoreData.framework */,
				C9C02D0A18645EC200739C36 /* Foundation.framework */,
				C9C02D0C18645EC200739C36 /* CoreGraphics.framework */,
				C9C02D0E18645EC200739C36 /* UIKit.framework */,
				C9C02D2C18645EC200739C36 /* XCTest.framework */,
			);
			name = Frameworks;
			sourceTree = "<group>";
		};
		C9C02D1018645EC200739C36 /* TastingNotes */ = {
			isa = PBXGroup;
			children = (
				C9C02D8618648EC700739C36 /* Notebooks */,
				C9C02D1918645EC200739C36 /* AppDelegate.h */,
				C9C02D1A18645EC200739C36 /* AppDelegate.m */,
				C9C02D8918648F7500739C36 /* AppContent.h */,
				C9C02D8A18648F7500739C36 /* AppContent.m */,
				C9C02D1C18645EC200739C36 /* Main_iPhone.storyboard */,
				C9C02D1F18645EC200739C36 /* Main_iPad.storyboard */,
				C9C02D2218645EC200739C36 /* ViewController.h */,
				C9C02D2318645EC200739C36 /* ViewController.m */,
				C9C02D2518645EC200739C36 /* Images.xcassets */,
				C9C02D1118645EC200739C36 /* Supporting Files */,
			);
			path = TastingNotes;
			sourceTree = "<group>";
		};
		C9C02D1118645EC200739C36 /* Supporting Files */ = {
			isa = PBXGroup;
			children = (
				C9C02D1218645EC200739C36 /* TastingNotes-Info.plist */,
				C9C02D1318645EC200739C36 /* InfoPlist.strings */,
				C9C02D1618645EC200739C36 /* main.m */,
				C9C02D1818645EC200739C36 /* TastingNotes-Prefix.pch */,
			);
			name = "Supporting Files";
			sourceTree = "<group>";
		};
		C9C02D3218645EC200739C36 /* TastingNotesTests */ = {
			isa = PBXGroup;
			children = (
				C9C02D3818645EC200739C36 /* TastingNotesTests.m */,
				C9C02D3318645EC200739C36 /* Supporting Files */,
			);
			path = TastingNotesTests;
			sourceTree = "<group>";
		};
		C9C02D3318645EC200739C36 /* Supporting Files */ = {
			isa = PBXGroup;
			children = (
				C9C02D3418645EC200739C36 /* TastingNotesTests-Info.plist */,
				C9C02D3518645EC200739C36 /* InfoPlist.strings */,
			);
			name = "Supporting Files";
			sourceTree = "<group>";
		};
		C9C02D8618648EC700739C36 /* Notebooks */ = {
			isa = PBXGroup;
			children = (
				C9C02D8C18648F9000739C36 /* DataModel.xcdatamodeld */,
				C9C02E1C1865123600739C36 /* Note.h */,
				C9C02E1D1865123600739C36 /* Note.m */,
				C9C02E1F1865123700739C36 /* Group_Template.h */,
				C9C02E201865123700739C36 /* Group_Template.m */,
				C9C02E221865123700739C36 /* Notebook_Template.h */,
				C9C02E231865123700739C36 /* Notebook_Template.m */,
				C9C02E251865123700739C36 /* Notebook.h */,
				C9C02E261865123700739C36 /* Notebook.m */,
				C9C02E281865123700739C36 /* Content.h */,
				C9C02E291865123700739C36 /* Content.m */,
				C9C02E2B1865123700739C36 /* ContentType_Template.h */,
				C9C02E2C1865123700739C36 /* ContentType_Template.m */,
				C9C02DDD1864D92C00739C36 /* Notebook_Template+Notebook_Template_Helper.h */,
				C9C02DDE1864D92C00739C36 /* Notebook_Template+Notebook_Template_Helper.m */,
				C9C02DE01864DFAC00739C36 /* ContentType_Template+ContentType_Template_Helper.h */,
				C9C02DE11864DFAC00739C36 /* ContentType_Template+ContentType_Template_Helper.m */,
				C9C02DE31864DFFC00739C36 /* Group_Template+Group_Template_Helper.h */,
				C9C02DE41864DFFC00739C36 /* Group_Template+Group_Template_Helper.m */,
				C9C02DF51864E80A00739C36 /* Notebook+Notebook_Helper.h */,
				C9C02DF61864E80A00739C36 /* Notebook+Notebook_Helper.m */,
				C9C02E071865107F00739C36 /* Note+Note_Helper.h */,
				C9C02E081865107F00739C36 /* Note+Note_Helper.m */,
			);
			name = Notebooks;
			sourceTree = "<group>";
		};
/* End PBXGroup section */

/* Begin PBXNativeTarget section */
		C9C02D0618645EC200739C36 /* TastingNotes */ = {
			isa = PBXNativeTarget;
			buildConfigurationList = C9C02D3C18645EC200739C36 /* Build configuration list for PBXNativeTarget "TastingNotes" */;
			buildPhases = (
				C9C02D0318645EC200739C36 /* Sources */,
				C9C02D0418645EC200739C36 /* Frameworks */,
				C9C02D0518645EC200739C36 /* Resources */,
			);
			buildRules = (
			);
			dependencies = (
			);
			name = TastingNotes;
			productName = TastingNotes;
			productReference = C9C02D0718645EC200739C36 /* TastingNotes.app */;
			productType = "com.apple.product-type.application";
		};
		C9C02D2A18645EC200739C36 /* TastingNotesTests */ = {
			isa = PBXNativeTarget;
			buildConfigurationList = C9C02D3F18645EC200739C36 /* Build configuration list for PBXNativeTarget "TastingNotesTests" */;
			buildPhases = (
				C9C02D2718645EC200739C36 /* Sources */,
				C9C02D2818645EC200739C36 /* Frameworks */,
				C9C02D2918645EC200739C36 /* Resources */,
			);
			buildRules = (
			);
			dependencies = (
				C9C02D3118645EC200739C36 /* PBXTargetDependency */,
			);
			name = TastingNotesTests;
			productName = TastingNotesTests;
			productReference = C9C02D2B18645EC200739C36 /* TastingNotesTests.xctest */;
			productType = "com.apple.product-type.bundle.unit-test";
		};
/* End PBXNativeTarget section */

/* Begin PBXProject section */
		C9C02CFF18645EC200739C36 /* Project object */ = {
			isa = PBXProject;
			attributes = {
				LastUpgradeCheck = 0500;
				ORGANIZATIONNAME = "Mobile App Mastery";
				TargetAttributes = {
					C9C02D2A18645EC200739C36 = {
						TestTargetID = C9C02D0618645EC200739C36;
					};
				};
			};
			buildConfigurationList = C9C02D0218645EC200739C36 /* Build configuration list for PBXProject "TastingNotes" */;
			compatibilityVersion = "Xcode 3.2";
			developmentRegion = English;
			hasScannedForEncodings = 0;
			knownRegions = (
				en,
				Base,
			);
			mainGroup = C9C02CFE18645EC200739C36;
			productRefGroup = C9C02D0818645EC200739C36 /* Products */;
			projectDirPath = "";
			projectRoot = "";
			targets = (
				C9C02D0618645EC200739C36 /* TastingNotes */,
				C9C02D2A18645EC200739C36 /* TastingNotesTests */,
			);
		};
/* End PBXProject section */

/* Begin PBXResourcesBuildPhase section */
		C9C02D0518645EC200739C36 /* Resources */ = {
			isa = PBXResourcesBuildPhase;
			buildActionMask = 2147483647;
			files = (
				C9C02D2118645EC200739C36 /* Main_iPad.storyboard in Resources */,
				C9C02D2618645EC200739C36 /* Images.xcassets in Resources */,
				C9C02D1E18645EC200739C36 /* Main_iPhone.storyboard in Resources */,
				C9C02D1518645EC200739C36 /* InfoPlist.strings in Resources */,
			);
			runOnlyForDeploymentPostprocessing = 0;
		};
		C9C02D2918645EC200739C36 /* Resources */ = {
			isa = PBXResourcesBuildPhase;
			buildActionMask = 2147483647;
			files = (
				C9C02D3718645EC200739C36 /* InfoPlist.strings in Resources */,
			);
			runOnlyForDeploymentPostprocessing = 0;
		};
/* End PBXResourcesBuildPhase section */

/* Begin PBXSourcesBuildPhase section */
		C9C02D0318645EC200739C36 /* Sources */ = {
			isa = PBXSourcesBuildPhase;
			buildActionMask = 2147483647;
			files = (
				C9C02D2418645EC200739C36 /* ViewController.m in Sources */,
				C9C02DE51864DFFC00739C36 /* Group_Template+Group_Template_Helper.m in Sources */,
				C9C02D8E18648F9000739C36 /* DataModel.xcdatamodeld in Sources */,
				C9C02E211865123700739C36 /* Group_Template.m in Sources */,
				C9C02DF71864E80A00739C36 /* Notebook+Notebook_Helper.m in Sources */,
				C9C02E271865123700739C36 /* Notebook.m in Sources */,
				C9C02E1E1865123600739C36 /* Note.m in Sources */,
				C9C02DE21864DFAC00739C36 /* ContentType_Template+ContentType_Template_Helper.m in Sources */,
				C9C02D1B18645EC200739C36 /* AppDelegate.m in Sources */,
				C9C02E2D1865123700739C36 /* ContentType_Template.m in Sources */,
				C9C02E241865123700739C36 /* Notebook_Template.m in Sources */,
				C9C02D1718645EC200739C36 /* main.m in Sources */,
				C9C02D8B18648F7500739C36 /* AppContent.m in Sources */,
				C9C02DDF1864D92C00739C36 /* Notebook_Template+Notebook_Template_Helper.m in Sources */,
				C9C02E091865107F00739C36 /* Note+Note_Helper.m in Sources */,
				C9C02E2A1865123700739C36 /* Content.m in Sources */,
			);
			runOnlyForDeploymentPostprocessing = 0;
		};
		C9C02D2718645EC200739C36 /* Sources */ = {
			isa = PBXSourcesBuildPhase;
			buildActionMask = 2147483647;
			files = (
				C9C02D3918645EC200739C36 /* TastingNotesTests.m in Sources */,
			);
			runOnlyForDeploymentPostprocessing = 0;
		};
/* End PBXSourcesBuildPhase section */

/* Begin PBXTargetDependency section */
		C9C02D3118645EC200739C36 /* PBXTargetDependency */ = {
			isa = PBXTargetDependency;
			target = C9C02D0618645EC200739C36 /* TastingNotes */;
			targetProxy = C9C02D3018645EC200739C36 /* PBXContainerItemProxy */;
		};
/* End PBXTargetDependency section */

/* Begin PBXVariantGroup section */
		C9C02D1318645EC200739C36 /* InfoPlist.strings */ = {
			isa = PBXVariantGroup;
			children = (
				C9C02D1418645EC200739C36 /* en */,
			);
			name = InfoPlist.strings;
			sourceTree = "<group>";
		};
		C9C02D1C18645EC200739C36 /* Main_iPhone.storyboard */ = {
			isa = PBXVariantGroup;
			children = (
				C9C02D1D18645EC200739C36 /* Base */,
			);
			name = Main_iPhone.storyboard;
			sourceTree = "<group>";
		};
		C9C02D1F18645EC200739C36 /* Main_iPad.storyboard */ = {
			isa = PBXVariantGroup;
			children = (
				C9C02D2018645EC200739C36 /* Base */,
			);
			name = Main_iPad.storyboard;
			sourceTree = "<group>";
		};
		C9C02D3518645EC200739C36 /* InfoPlist.strings */ = {
			isa = PBXVariantGroup;
			children = (
				C9C02D3618645EC200739C36 /* en */,
			);
			name = InfoPlist.strings;
			sourceTree = "<group>";
		};
/* End PBXVariantGroup section */

/* Begin XCBuildConfiguration section */
		C9C02D3A18645EC200739C36 /* Debug */ = {
			isa = XCBuildConfiguration;
			buildSettings = {
				ALWAYS_SEARCH_USER_PATHS = NO;
				ARCHS = "$(ARCHS_STANDARD_INCLUDING_64_BIT)";
				CLANG_CXX_LANGUAGE_STANDARD = "gnu++0x";
				CLANG_CXX_LIBRARY = "libc++";
				CLANG_ENABLE_MODULES = YES;
				CLANG_ENABLE_OBJC_ARC = YES;
				CLANG_WARN_BOOL_CONVERSION = YES;
				CLANG_WARN_CONSTANT_CONVERSION = YES;
				CLANG_WARN_DIRECT_OBJC_ISA_USAGE = YES_ERROR;
				CLANG_WARN_EMPTY_BODY = YES;
				CLANG_WARN_ENUM_CONVERSION = YES;
				CLANG_WARN_INT_CONVERSION = YES;
				CLANG_WARN_OBJC_ROOT_CLASS = YES_ERROR;
				CLANG_WARN__DUPLICATE_METHOD_MATCH = YES;
				"CODE_SIGN_IDENTITY[sdk=iphoneos*]" = "iPhone Developer";
				COPY_PHASE_STRIP = NO;
				GCC_C_LANGUAGE_STANDARD = gnu99;
				GCC_DYNAMIC_NO_PIC = NO;
				GCC_OPTIMIZATION_LEVEL = 0;
				GCC_PREPROCESSOR_DEFINITIONS = (
					"DEBUG=1",
					"$(inherited)",
				);
				GCC_SYMBOLS_PRIVATE_EXTERN = NO;
				GCC_WARN_64_TO_32_BIT_CONVERSION = YES;
				GCC_WARN_ABOUT_RETURN_TYPE = YES_ERROR;
				GCC_WARN_UNDECLARED_SELECTOR = YES;
				GCC_WARN_UNINITIALIZED_AUTOS = YES;
				GCC_WARN_UNUSED_FUNCTION = YES;
				GCC_WARN_UNUSED_VARIABLE = YES;
				IPHONEOS_DEPLOYMENT_TARGET = 7.0;
				ONLY_ACTIVE_ARCH = YES;
				SDKROOT = iphoneos;
				TARGETED_DEVICE_FAMILY = "1,2";
			};
			name = Debug;
		};
		C9C02D3B18645EC200739C36 /* Release */ = {
			isa = XCBuildConfiguration;
			buildSettings = {
				ALWAYS_SEARCH_USER_PATHS = NO;
				ARCHS = "$(ARCHS_STANDARD_INCLUDING_64_BIT)";
				CLANG_CXX_LANGUAGE_STANDARD = "gnu++0x";
				CLANG_CXX_LIBRARY = "libc++";
				CLANG_ENABLE_MODULES = YES;
				CLANG_ENABLE_OBJC_ARC = YES;
				CLANG_WARN_BOOL_CONVERSION = YES;
				CLANG_WARN_CONSTANT_CONVERSION = YES;
				CLANG_WARN_DIRECT_OBJC_ISA_USAGE = YES_ERROR;
				CLANG_WARN_EMPTY_BODY = YES;
				CLANG_WARN_ENUM_CONVERSION = YES;
				CLANG_WARN_INT_CONVERSION = YES;
				CLANG_WARN_OBJC_ROOT_CLASS = YES_ERROR;
				CLANG_WARN__DUPLICATE_METHOD_MATCH = YES;
				"CODE_SIGN_IDENTITY[sdk=iphoneos*]" = "iPhone Developer";
				COPY_PHASE_STRIP = YES;
				ENABLE_NS_ASSERTIONS = NO;
				GCC_C_LANGUAGE_STANDARD = gnu99;
				GCC_WARN_64_TO_32_BIT_CONVERSION = YES;
				GCC_WARN_ABOUT_RETURN_TYPE = YES_ERROR;
				GCC_WARN_UNDECLARED_SELECTOR = YES;
				GCC_WARN_UNINITIALIZED_AUTOS = YES;
				GCC_WARN_UNUSED_FUNCTION = YES;
				GCC_WARN_UNUSED_VARIABLE = YES;
				IPHONEOS_DEPLOYMENT_TARGET = 7.0;
				SDKROOT = iphoneos;
				TARGETED_DEVICE_FAMILY = "1,2";
				VALIDATE_PRODUCT = YES;
			};
			name = Release;
		};
		C9C02D3D18645EC200739C36 /* Debug */ = {
			isa = XCBuildConfiguration;
			buildSettings = {
				ASSETCATALOG_COMPILER_APPICON_NAME = AppIcon;
				ASSETCATALOG_COMPILER_LAUNCHIMAGE_NAME = LaunchImage;
				GCC_PRECOMPILE_PREFIX_HEADER = YES;
				GCC_PREFIX_HEADER = "TastingNotes/TastingNotes-Prefix.pch";
				INFOPLIST_FILE = "TastingNotes/TastingNotes-Info.plist";
				PRODUCT_NAME = "$(TARGET_NAME)";
				WRAPPER_EXTENSION = app;
			};
			name = Debug;
		};
		C9C02D3E18645EC200739C36 /* Release */ = {
			isa = XCBuildConfiguration;
			buildSettings = {
				ASSETCATALOG_COMPILER_APPICON_NAME = AppIcon;
				ASSETCATALOG_COMPILER_LAUNCHIMAGE_NAME = LaunchImage;
				GCC_PRECOMPILE_PREFIX_HEADER = YES;
				GCC_PREFIX_HEADER = "TastingNotes/TastingNotes-Prefix.pch";
				INFOPLIST_FILE = "TastingNotes/TastingNotes-Info.plist";
				PRODUCT_NAME = "$(TARGET_NAME)";
				WRAPPER_EXTENSION = app;
			};
			name = Release;
		};
		C9C02D4018645EC200739C36 /* Debug */ = {
			isa = XCBuildConfiguration;
			buildSettings = {
				ARCHS = "$(ARCHS_STANDARD_INCLUDING_64_BIT)";
				BUNDLE_LOADER = "$(BUILT_PRODUCTS_DIR)/TastingNotes.app/TastingNotes";
				FRAMEWORK_SEARCH_PATHS = (
					"$(SDKROOT)/Developer/Library/Frameworks",
					"$(inherited)",
					"$(DEVELOPER_FRAMEWORKS_DIR)",
				);
				GCC_PRECOMPILE_PREFIX_HEADER = YES;
				GCC_PREFIX_HEADER = "TastingNotes/TastingNotes-Prefix.pch";
				GCC_PREPROCESSOR_DEFINITIONS = (
					"DEBUG=1",
					"$(inherited)",
				);
				INFOPLIST_FILE = "TastingNotesTests/TastingNotesTests-Info.plist";
				PRODUCT_NAME = "$(TARGET_NAME)";
				TEST_HOST = "$(BUNDLE_LOADER)";
				WRAPPER_EXTENSION = xctest;
			};
			name = Debug;
		};
		C9C02D4118645EC200739C36 /* Release */ = {
			isa = XCBuildConfiguration;
			buildSettings = {
				ARCHS = "$(ARCHS_STANDARD_INCLUDING_64_BIT)";
				BUNDLE_LOADER = "$(BUILT_PRODUCTS_DIR)/TastingNotes.app/TastingNotes";
				FRAMEWORK_SEARCH_PATHS = (
					"$(SDKROOT)/Developer/Library/Frameworks",
					"$(inherited)",
					"$(DEVELOPER_FRAMEWORKS_DIR)",
				);
				GCC_PRECOMPILE_PREFIX_HEADER = YES;
				GCC_PREFIX_HEADER = "TastingNotes/TastingNotes-Prefix.pch";
				INFOPLIST_FILE = "TastingNotesTests/TastingNotesTests-Info.plist";
				PRODUCT_NAME = "$(TARGET_NAME)";
				TEST_HOST = "$(BUNDLE_LOADER)";
				WRAPPER_EXTENSION = xctest;
			};
			name = Release;
		};
/* End XCBuildConfiguration section */

/* Begin XCConfigurationList section */
		C9C02D0218645EC200739C36 /* Build configuration list for PBXProject "TastingNotes" */ = {
			isa = XCConfigurationList;
			buildConfigurations = (
				C9C02D3A18645EC200739C36 /* Debug */,
				C9C02D3B18645EC200739C36 /* Release */,
			);
			defaultConfigurationIsVisible = 0;
			defaultConfigurationName = Release;
		};
		C9C02D3C18645EC200739C36 /* Build configuration list for PBXNativeTarget "TastingNotes" */ = {
			isa = XCConfigurationList;
			buildConfigurations = (
				C9C02D3D18645EC200739C36 /* Debug */,
				C9C02D3E18645EC200739C36 /* Release */,
			);
			defaultConfigurationIsVisible = 0;
			defaultConfigurationName = Release;
		};
		C9C02D3F18645EC200739C36 /* Build configuration list for PBXNativeTarget "TastingNotesTests" */ = {
			isa = XCConfigurationList;
			buildConfigurations = (
				C9C02D4018645EC200739C36 /* Debug */,
				C9C02D4118645EC200739C36 /* Release */,
			);
			defaultConfigurationIsVisible = 0;
			defaultConfigurationName = Release;
		};
/* End XCConfigurationList section */

/* Begin XCVersionGroup section */
		C9C02D8C18648F9000739C36 /* DataModel.xcdatamodeld */ = {
			isa = XCVersionGroup;
			children = (
				C9C02D8D18648F9000739C36 /* DataModel.xcdatamodel */,
			);
			currentVersion = C9C02D8D18648F9000739C36 /* DataModel.xcdatamodel */;
			path = DataModel.xcdatamodeld;
			sourceTree = "<group>";
			versionGroupType = wrapper.xcdatamodel;
		};
/* End XCVersionGroup section */
	};
	rootObject = C9C02CFF18645EC200739C36 /* Project object */;
}
